
Microsoft Visual Studio Solution File, Format Version 12.00
Project("{FAE04EC0-301F-11D3-BF4B-00C04F79EFBC}") = "GrpcAspNetCore.Host", "GrpcAspNetCore.Host\GrpcAspNetCore.Host.csproj", "{9B561F11-17E5-4767-9A73-668E22CD3F72}"
EndProject
Project("{2150E333-8FDC-42A3-9474-1A3956D46DE8}") = "Solution Items", "Solution Items", "{D157B6A8-1927-4EC8-86AB-A9DC03FB52C4}"
	ProjectSection(SolutionItems) = preProject
		global.json = global.json
		..\README.md = ..\README.md
	EndProjectSection
EndProject
Global
	GlobalSection(SolutionConfigurationPlatforms) = preSolution
		Debug|Any CPU = Debug|Any CPU
		Release|Any CPU = Release|Any CPU
	EndGlobalSection
	GlobalSection(ProjectConfigurationPlatforms) = postSolution
		{9B561F11-17E5-4767-9A73-668E22CD3F72}.Debug|Any CPU.ActiveCfg = Debug|Any CPU
		{9B561F11-17E5-4767-9A73-668E22CD3F72}.Debug|Any CPU.Build.0 = Debug|Any CPU
		{9B561F11-17E5-4767-9A73-668E22CD3F72}.Release|Any CPU.ActiveCfg = Release|Any CPU
		{9B561F11-17E5-4767-9A73-668E22CD3F72}.Release|Any CPU.Build.0 = Release|Any CPU
	EndGlobalSection
EndGlobal
